// !$*UTF8*$!
{
	archiveVersion = 1;
	classes = {
	};
	objectVersion = 56;
	objects = {

/* Begin PBXBuildFile section */
		1F1FFC0729EA01AB001EB9F2 /* InsuranceHome.swift in Sources */ = {isa = PBXBuildFile; fileRef = 1F1FFC0629EA01AB001EB9F2 /* InsuranceHome.swift */; };
		1F4BEA7329DF097400F222A1 /* HomeClinics.swift in Sources */ = {isa = PBXBuildFile; fileRef = 1F4BEA7229DF097400F222A1 /* HomeClinics.swift */; };
		1F5AE0A429EF3AB400235A6C /* WebServices.swift in Sources */ = {isa = PBXBuildFile; fileRef = 1F5AE0A329EF3AB400235A6C /* WebServices.swift */; };
		1F5AE0A729EF3F5900235A6C /* InsuranceModel.swift in Sources */ = {isa = PBXBuildFile; fileRef = 1F5AE0A629EF3F5900235A6C /* InsuranceModel.swift */; };
		1F5AE0A929EF434D00235A6C /* EnumValues.swift in Sources */ = {isa = PBXBuildFile; fileRef = 1F5AE0A829EF434D00235A6C /* EnumValues.swift */; };
		1F7AB42729ECB6610011663B /* LoginModel.swift in Sources */ = {isa = PBXBuildFile; fileRef = 1F7AB42629ECB6610011663B /* LoginModel.swift */; };
		1F926A7929DF1A700074C5B4 /* PatientsHome.swift in Sources */ = {isa = PBXBuildFile; fileRef = 1F926A7829DF1A700074C5B4 /* PatientsHome.swift */; };
		1F926A7B29DF25210074C5B4 /* HeaderHomeCapsuls.swift in Sources */ = {isa = PBXBuildFile; fileRef = 1F926A7A29DF25210074C5B4 /* HeaderHomeCapsuls.swift */; };
		1F926A7F29DF25C80074C5B4 /* ClinicsHome.swift in Sources */ = {isa = PBXBuildFile; fileRef = 1F926A7E29DF25C80074C5B4 /* ClinicsHome.swift */; };
		1FB5710129C4F01A008C410B /* AvatarSUIApp.swift in Sources */ = {isa = PBXBuildFile; fileRef = 1FB5710029C4F01A008C410B /* AvatarSUIApp.swift */; };
		1FB5710329C4F01A008C410B /* Login.swift in Sources */ = {isa = PBXBuildFile; fileRef = 1FB5710229C4F01A008C410B /* Login.swift */; };
		1FB5710529C4F01B008C410B /* Assets.xcassets in Resources */ = {isa = PBXBuildFile; fileRef = 1FB5710429C4F01B008C410B /* Assets.xcassets */; };
		1FB5710829C4F01B008C410B /* Preview Assets.xcassets in Resources */ = {isa = PBXBuildFile; fileRef = 1FB5710729C4F01B008C410B /* Preview Assets.xcassets */; };
		1FB5710F29C4F06F008C410B /* LaunchScreen.swift in Sources */ = {isa = PBXBuildFile; fileRef = 1FB5710E29C4F06F008C410B /* LaunchScreen.swift */; };
		1FCED5F929F0B7E700504283 /* StructsServices.swift in Sources */ = {isa = PBXBuildFile; fileRef = 1FCED5F829F0B7E700504283 /* StructsServices.swift */; };
		1FDB5AE929DCC28F0057173A /* TabMenu.swift in Sources */ = {isa = PBXBuildFile; fileRef = 1FDB5AE829DCC28F0057173A /* TabMenu.swift */; };
		1FDB5AEC29DCD42A0057173A /* Constants.swift in Sources */ = {isa = PBXBuildFile; fileRef = 1FDB5AEB29DCD42A0057173A /* Constants.swift */; };
		1FDB5AEE29DCF02F0057173A /* HomePatients.swift in Sources */ = {isa = PBXBuildFile; fileRef = 1FDB5AED29DCF02F0057173A /* HomePatients.swift */; };
/* End PBXBuildFile section */

/* Begin PBXFileReference section */
		1F08B33129F1788D00EC7A3B /* Info.plist */ = {isa = PBXFileReference; lastKnownFileType = text.plist; path = Info.plist; sourceTree = "<group>"; };
		1F1FFC0629EA01AB001EB9F2 /* InsuranceHome.swift */ = {isa = PBXFileReference; lastKnownFileType = sourcecode.swift; path = InsuranceHome.swift; sourceTree = "<group>"; };
		1F4BEA7229DF097400F222A1 /* HomeClinics.swift */ = {isa = PBXFileReference; lastKnownFileType = sourcecode.swift; path = HomeClinics.swift; sourceTree = "<group>"; };
		1F5AE0A329EF3AB400235A6C /* WebServices.swift */ = {isa = PBXFileReference; lastKnownFileType = sourcecode.swift; path = WebServices.swift; sourceTree = "<group>"; };
		1F5AE0A629EF3F5900235A6C /* InsuranceModel.swift */ = {isa = PBXFileReference; lastKnownFileType = sourcecode.swift; path = InsuranceModel.swift; sourceTree = "<group>"; };
		1F5AE0A829EF434D00235A6C /* EnumValues.swift */ = {isa = PBXFileReference; lastKnownFileType = sourcecode.swift; path = EnumValues.swift; sourceTree = "<group>"; };
		1F7AB42629ECB6610011663B /* LoginModel.swift */ = {isa = PBXFileReference; lastKnownFileType = sourcecode.swift; path = LoginModel.swift; sourceTree = "<group>"; };
		1F926A7829DF1A700074C5B4 /* PatientsHome.swift */ = {isa = PBXFileReference; lastKnownFileType = sourcecode.swift; path = PatientsHome.swift; sourceTree = "<group>"; };
		1F926A7A29DF25210074C5B4 /* HeaderHomeCapsuls.swift */ = {isa = PBXFileReference; lastKnownFileType = sourcecode.swift; path = HeaderHomeCapsuls.swift; sourceTree = "<group>"; };
		1F926A7E29DF25C80074C5B4 /* ClinicsHome.swift */ = {isa = PBXFileReference; lastKnownFileType = sourcecode.swift; path = ClinicsHome.swift; sourceTree = "<group>"; };
		1FB570FD29C4F01A008C410B /* AvatarSUI.app */ = {isa = PBXFileReference; explicitFileType = wrapper.application; includeInIndex = 0; path = AvatarSUI.app; sourceTree = BUILT_PRODUCTS_DIR; };
		1FB5710029C4F01A008C410B /* AvatarSUIApp.swift */ = {isa = PBXFileReference; lastKnownFileType = sourcecode.swift; path = AvatarSUIApp.swift; sourceTree = "<group>"; };
		1FB5710229C4F01A008C410B /* Login.swift */ = {isa = PBXFileReference; lastKnownFileType = sourcecode.swift; path = Login.swift; sourceTree = "<group>"; };
		1FB5710429C4F01B008C410B /* Assets.xcassets */ = {isa = PBXFileReference; lastKnownFileType = folder.assetcatalog; path = Assets.xcassets; sourceTree = "<group>"; };
		1FB5710729C4F01B008C410B /* Preview Assets.xcassets */ = {isa = PBXFileReference; lastKnownFileType = folder.assetcatalog; path = "Preview Assets.xcassets"; sourceTree = "<group>"; };
		1FB5710E29C4F06F008C410B /* LaunchScreen.swift */ = {isa = PBXFileReference; lastKnownFileType = sourcecode.swift; path = LaunchScreen.swift; sourceTree = "<group>"; };
		1FCED5F829F0B7E700504283 /* StructsServices.swift */ = {isa = PBXFileReference; lastKnownFileType = sourcecode.swift; path = StructsServices.swift; sourceTree = "<group>"; };
		1FDB5AE829DCC28F0057173A /* TabMenu.swift */ = {isa = PBXFileReference; lastKnownFileType = sourcecode.swift; path = TabMenu.swift; sourceTree = "<group>"; };
		1FDB5AEB29DCD42A0057173A /* Constants.swift */ = {isa = PBXFileReference; lastKnownFileType = sourcecode.swift; path = Constants.swift; sourceTree = "<group>"; };
		1FDB5AED29DCF02F0057173A /* HomePatients.swift */ = {isa = PBXFileReference; lastKnownFileType = sourcecode.swift; path = HomePatients.swift; sourceTree = "<group>"; };
/* End PBXFileReference section */

/* Begin PBXFrameworksBuildPhase section */
		1FB570FA29C4F01A008C410B /* Frameworks */ = {
			isa = PBXFrameworksBuildPhase;
			buildActionMask = 2147483647;
			files = (
			);
			runOnlyForDeploymentPostprocessing = 0;
		};
/* End PBXFrameworksBuildPhase section */

/* Begin PBXGroup section */
		1F4BEA7429DF18D400F222A1 /* TabViewsPages */ = {
			isa = PBXGroup;
			children = (
				1F926A7D29DF25640074C5B4 /* CapsuleHome */,
				1F926A7C29DF254B0074C5B4 /* GraphicsHome */,
			);
			path = TabViewsPages;
			sourceTree = "<group>";
		};
		1F5AE0A029EF37A300235A6C /* Network */ = {
			isa = PBXGroup;
			children = (
				1F5AE0A229EF3A1F00235A6C /* Services */,
				1F5AE0A129EF37AC00235A6C /* Headers */,
			);
			path = Network;
			sourceTree = "<group>";
		};
		1F5AE0A129EF37AC00235A6C /* Headers */ = {
			isa = PBXGroup;
			children = (
			);
			path = Headers;
			sourceTree = "<group>";
		};
		1F5AE0A229EF3A1F00235A6C /* Services */ = {
			isa = PBXGroup;
			children = (
				1F5AE0A329EF3AB400235A6C /* WebServices.swift */,
				1FCED5F829F0B7E700504283 /* StructsServices.swift */,
			);
			path = Services;
			sourceTree = "<group>";
		};
		1F5AE0A529EF3F3100235A6C /* DataModels */ = {
			isa = PBXGroup;
			children = (
				1F5AE0A629EF3F5900235A6C /* InsuranceModel.swift */,
				1F5AE0A829EF434D00235A6C /* EnumValues.swift */,
			);
			path = DataModels;
			sourceTree = "<group>";
		};
		1F7AB42429ECB64A0011663B /* Models */ = {
			isa = PBXGroup;
			children = (
				1F5AE0A529EF3F3100235A6C /* DataModels */,
				1F7AB42529ECB6530011663B /* Login */,
			);
			path = Models;
			sourceTree = "<group>";
		};
		1F7AB42529ECB6530011663B /* Login */ = {
			isa = PBXGroup;
			children = (
				1F7AB42629ECB6610011663B /* LoginModel.swift */,
			);
			path = Login;
			sourceTree = "<group>";
		};
		1F926A7C29DF254B0074C5B4 /* GraphicsHome */ = {
			isa = PBXGroup;
			children = (
				1FDB5AED29DCF02F0057173A /* HomePatients.swift */,
				1F4BEA7229DF097400F222A1 /* HomeClinics.swift */,
			);
			path = GraphicsHome;
			sourceTree = "<group>";
		};
		1F926A7D29DF25640074C5B4 /* CapsuleHome */ = {
			isa = PBXGroup;
			children = (
				1F926A7A29DF25210074C5B4 /* HeaderHomeCapsuls.swift */,
				1F926A7829DF1A700074C5B4 /* PatientsHome.swift */,
				1F926A7E29DF25C80074C5B4 /* ClinicsHome.swift */,
				1F1FFC0629EA01AB001EB9F2 /* InsuranceHome.swift */,
			);
			path = CapsuleHome;
			sourceTree = "<group>";
		};
		1FB570F429C4F01A008C410B = {
			isa = PBXGroup;
			children = (
				1FB570FF29C4F01A008C410B /* AvatarSUI */,
				1FB570FE29C4F01A008C410B /* Products */,
			);
			sourceTree = "<group>";
		};
		1FB570FE29C4F01A008C410B /* Products */ = {
			isa = PBXGroup;
			children = (
				1FB570FD29C4F01A008C410B /* AvatarSUI.app */,
			);
			name = Products;
			sourceTree = "<group>";
		};
		1FB570FF29C4F01A008C410B /* AvatarSUI */ = {
			isa = PBXGroup;
			children = (
				1F08B33129F1788D00EC7A3B /* Info.plist */,
				1F5AE0A029EF37A300235A6C /* Network */,
				1F7AB42429ECB64A0011663B /* Models */,
				1FDB5AEA29DCD4060057173A /* Constants */,
				1FDB5AE729DCC0810057173A /* Views */,
				1FB5710429C4F01B008C410B /* Assets.xcassets */,
				1FB5710629C4F01B008C410B /* Preview Content */,
			);
			path = AvatarSUI;
			sourceTree = "<group>";
		};
		1FB5710629C4F01B008C410B /* Preview Content */ = {
			isa = PBXGroup;
			children = (
				1FB5710729C4F01B008C410B /* Preview Assets.xcassets */,
			);
			path = "Preview Content";
			sourceTree = "<group>";
		};
		1FDB5AE729DCC0810057173A /* Views */ = {
			isa = PBXGroup;
			children = (
				1F4BEA7429DF18D400F222A1 /* TabViewsPages */,
				1FB5710229C4F01A008C410B /* Login.swift */,
				1FB5710E29C4F06F008C410B /* LaunchScreen.swift */,
				1FB5710029C4F01A008C410B /* AvatarSUIApp.swift */,
				1FDB5AE829DCC28F0057173A /* TabMenu.swift */,
			);
			path = Views;
			sourceTree = "<group>";
		};
		1FDB5AEA29DCD4060057173A /* Constants */ = {
			isa = PBXGroup;
			children = (
				1FDB5AEB29DCD42A0057173A /* Constants.swift */,
			);
			path = Constants;
			sourceTree = "<group>";
		};
/* End PBXGroup section */

/* Begin PBXNativeTarget section */
		1FB570FC29C4F01A008C410B /* AvatarSUI */ = {
			isa = PBXNativeTarget;
			buildConfigurationList = 1FB5710B29C4F01B008C410B /* Build configuration list for PBXNativeTarget "AvatarSUI" */;
			buildPhases = (
				1FB570F929C4F01A008C410B /* Sources */,
				1FB570FA29C4F01A008C410B /* Frameworks */,
				1FB570FB29C4F01A008C410B /* Resources */,
			);
			buildRules = (
			);
			dependencies = (
			);
			name = AvatarSUI;
			productName = AvatarSUI;
			productReference = 1FB570FD29C4F01A008C410B /* AvatarSUI.app */;
			productType = "com.apple.product-type.application";
		};
/* End PBXNativeTarget section */

/* Begin PBXProject section */
		1FB570F529C4F01A008C410B /* Project object */ = {
			isa = PBXProject;
			attributes = {
				BuildIndependentTargetsInParallel = 1;
				LastSwiftUpdateCheck = 1420;
				LastUpgradeCheck = 1420;
				TargetAttributes = {
					1FB570FC29C4F01A008C410B = {
						CreatedOnToolsVersion = 14.2;
					};
				};
			};
			buildConfigurationList = 1FB570F829C4F01A008C410B /* Build configuration list for PBXProject "AvatarSUI" */;
			compatibilityVersion = "Xcode 14.0";
			developmentRegion = en;
			hasScannedForEncodings = 0;
			knownRegions = (
				en,
				Base,
			);
			mainGroup = 1FB570F429C4F01A008C410B;
			productRefGroup = 1FB570FE29C4F01A008C410B /* Products */;
			projectDirPath = "";
			projectRoot = "";
			targets = (
				1FB570FC29C4F01A008C410B /* AvatarSUI */,
			);
		};
/* End PBXProject section */

/* Begin PBXResourcesBuildPhase section */
		1FB570FB29C4F01A008C410B /* Resources */ = {
			isa = PBXResourcesBuildPhase;
			buildActionMask = 2147483647;
			files = (
				1FB5710829C4F01B008C410B /* Preview Assets.xcassets in Resources */,
				1FB5710529C4F01B008C410B /* Assets.xcassets in Resources */,
			);
			runOnlyForDeploymentPostprocessing = 0;
		};
/* End PBXResourcesBuildPhase section */

/* Begin PBXSourcesBuildPhase section */
		1FB570F929C4F01A008C410B /* Sources */ = {
			isa = PBXSourcesBuildPhase;
			buildActionMask = 2147483647;
			files = (
				1F5AE0A729EF3F5900235A6C /* InsuranceModel.swift in Sources */,
				1F5AE0A929EF434D00235A6C /* EnumValues.swift in Sources */,
				1F926A7B29DF25210074C5B4 /* HeaderHomeCapsuls.swift in Sources */,
				1FDB5AEC29DCD42A0057173A /* Constants.swift in Sources */,
				1FB5710329C4F01A008C410B /* Login.swift in Sources */,
				1F7AB42729ECB6610011663B /* LoginModel.swift in Sources */,
				1FB5710129C4F01A008C410B /* AvatarSUIApp.swift in Sources */,
				1F1FFC0729EA01AB001EB9F2 /* InsuranceHome.swift in Sources */,
				1F4BEA7329DF097400F222A1 /* HomeClinics.swift in Sources */,
				1FDB5AE929DCC28F0057173A /* TabMenu.swift in Sources */,
				1F926A7F29DF25C80074C5B4 /* ClinicsHome.swift in Sources */,
				1F926A7929DF1A700074C5B4 /* PatientsHome.swift in Sources */,
				1FCED5F929F0B7E700504283 /* StructsServices.swift in Sources */,
				1FDB5AEE29DCF02F0057173A /* HomePatients.swift in Sources */,
				1FB5710F29C4F06F008C410B /* LaunchScreen.swift in Sources */,
				1F5AE0A429EF3AB400235A6C /* WebServices.swift in Sources */,
			);
			runOnlyForDeploymentPostprocessing = 0;
		};
/* End PBXSourcesBuildPhase section */

/* Begin XCBuildConfiguration section */
		1FB5710929C4F01B008C410B /* Debug */ = {
			isa = XCBuildConfiguration;
			buildSettings = {
				ALWAYS_SEARCH_USER_PATHS = NO;
				CLANG_ANALYZER_NONNULL = YES;
				CLANG_ANALYZER_NUMBER_OBJECT_CONVERSION = YES_AGGRESSIVE;
				CLANG_CXX_LANGUAGE_STANDARD = "gnu++20";
				CLANG_ENABLE_MODULES = YES;
				CLANG_ENABLE_OBJC_ARC = YES;
				CLANG_ENABLE_OBJC_WEAK = YES;
				CLANG_WARN_BLOCK_CAPTURE_AUTORELEASING = YES;
				CLANG_WARN_BOOL_CONVERSION = YES;
				CLANG_WARN_COMMA = YES;
				CLANG_WARN_CONSTANT_CONVERSION = YES;
				CLANG_WARN_DEPRECATED_OBJC_IMPLEMENTATIONS = YES;
				CLANG_WARN_DIRECT_OBJC_ISA_USAGE = YES_ERROR;
				CLANG_WARN_DOCUMENTATION_COMMENTS = YES;
				CLANG_WARN_EMPTY_BODY = YES;
				CLANG_WARN_ENUM_CONVERSION = YES;
				CLANG_WARN_INFINITE_RECURSION = YES;
				CLANG_WARN_INT_CONVERSION = YES;
				CLANG_WARN_NON_LITERAL_NULL_CONVERSION = YES;
				CLANG_WARN_OBJC_IMPLICIT_RETAIN_SELF = YES;
				CLANG_WARN_OBJC_LITERAL_CONVERSION = YES;
				CLANG_WARN_OBJC_ROOT_CLASS = YES_ERROR;
				CLANG_WARN_QUOTED_INCLUDE_IN_FRAMEWORK_HEADER = YES;
				CLANG_WARN_RANGE_LOOP_ANALYSIS = YES;
				CLANG_WARN_STRICT_PROTOTYPES = YES;
				CLANG_WARN_SUSPICIOUS_MOVE = YES;
				CLANG_WARN_UNGUARDED_AVAILABILITY = YES_AGGRESSIVE;
				CLANG_WARN_UNREACHABLE_CODE = YES;
				CLANG_WARN__DUPLICATE_METHOD_MATCH = YES;
				COPY_PHASE_STRIP = NO;
				DEBUG_INFORMATION_FORMAT = dwarf;
				ENABLE_STRICT_OBJC_MSGSEND = YES;
				ENABLE_TESTABILITY = YES;
				GCC_C_LANGUAGE_STANDARD = gnu11;
				GCC_DYNAMIC_NO_PIC = NO;
				GCC_NO_COMMON_BLOCKS = YES;
				GCC_OPTIMIZATION_LEVEL = 0;
				GCC_PREPROCESSOR_DEFINITIONS = (
					"DEBUG=1",
					"$(inherited)",
				);
				GCC_WARN_64_TO_32_BIT_CONVERSION = YES;
				GCC_WARN_ABOUT_RETURN_TYPE = YES_ERROR;
				GCC_WARN_UNDECLARED_SELECTOR = YES;
				GCC_WARN_UNINITIALIZED_AUTOS = YES_AGGRESSIVE;
				GCC_WARN_UNUSED_FUNCTION = YES;
				GCC_WARN_UNUSED_VARIABLE = YES;
				IPHONEOS_DEPLOYMENT_TARGET = 16.2;
				MTL_ENABLE_DEBUG_INFO = INCLUDE_SOURCE;
				MTL_FAST_MATH = YES;
				NEW_SETTING = "";
				ONLY_ACTIVE_ARCH = YES;
				SDKROOT = iphoneos;
				SWIFT_ACTIVE_COMPILATION_CONDITIONS = DEBUG;
				SWIFT_OPTIMIZATION_LEVEL = "-Onone";
			};
			name = Debug;
		};
		1FB5710A29C4F01B008C410B /* Release */ = {
			isa = XCBuildConfiguration;
			buildSettings = {
				ALWAYS_SEARCH_USER_PATHS = NO;
				CLANG_ANALYZER_NONNULL = YES;
				CLANG_ANALYZER_NUMBER_OBJECT_CONVERSION = YES_AGGRESSIVE;
				CLANG_CXX_LANGUAGE_STANDARD = "gnu++20";
				CLANG_ENABLE_MODULES = YES;
				CLANG_ENABLE_OBJC_ARC = YES;
				CLANG_ENABLE_OBJC_WEAK = YES;
				CLANG_WARN_BLOCK_CAPTURE_AUTORELEASING = YES;
				CLANG_WARN_BOOL_CONVERSION = YES;
				CLANG_WARN_COMMA = YES;
				CLANG_WARN_CONSTANT_CONVERSION = YES;
				CLANG_WARN_DEPRECATED_OBJC_IMPLEMENTATIONS = YES;
				CLANG_WARN_DIRECT_OBJC_ISA_USAGE = YES_ERROR;
				CLANG_WARN_DOCUMENTATION_COMMENTS = YES;
				CLANG_WARN_EMPTY_BODY = YES;
				CLANG_WARN_ENUM_CONVERSION = YES;
				CLANG_WARN_INFINITE_RECURSION = YES;
				CLANG_WARN_INT_CONVERSION = YES;
				CLANG_WARN_NON_LITERAL_NULL_CONVERSION = YES;
				CLANG_WARN_OBJC_IMPLICIT_RETAIN_SELF = YES;
				CLANG_WARN_OBJC_LITERAL_CONVERSION = YES;
				CLANG_WARN_OBJC_ROOT_CLASS = YES_ERROR;
				CLANG_WARN_QUOTED_INCLUDE_IN_FRAMEWORK_HEADER = YES;
				CLANG_WARN_RANGE_LOOP_ANALYSIS = YES;
				CLANG_WARN_STRICT_PROTOTYPES = YES;
				CLANG_WARN_SUSPICIOUS_MOVE = YES;
				CLANG_WARN_UNGUARDED_AVAILABILITY = YES_AGGRESSIVE;
				CLANG_WARN_UNREACHABLE_CODE = YES;
				CLANG_WARN__DUPLICATE_METHOD_MATCH = YES;
				COPY_PHASE_STRIP = NO;
				DEBUG_INFORMATION_FORMAT = "dwarf-with-dsym";
				ENABLE_NS_ASSERTIONS = NO;
				ENABLE_STRICT_OBJC_MSGSEND = YES;
				GCC_C_LANGUAGE_STANDARD = gnu11;
				GCC_NO_COMMON_BLOCKS = YES;
				GCC_WARN_64_TO_32_BIT_CONVERSION = YES;
				GCC_WARN_ABOUT_RETURN_TYPE = YES_ERROR;
				GCC_WARN_UNDECLARED_SELECTOR = YES;
				GCC_WARN_UNINITIALIZED_AUTOS = YES_AGGRESSIVE;
				GCC_WARN_UNUSED_FUNCTION = YES;
				GCC_WARN_UNUSED_VARIABLE = YES;
				IPHONEOS_DEPLOYMENT_TARGET = 16.2;
				MTL_ENABLE_DEBUG_INFO = NO;
				MTL_FAST_MATH = YES;
				NEW_SETTING = "";
				SDKROOT = iphoneos;
				SWIFT_COMPILATION_MODE = wholemodule;
				SWIFT_OPTIMIZATION_LEVEL = "-O";
				VALIDATE_PRODUCT = YES;
			};
			name = Release;
		};
		1FB5710C29C4F01B008C410B /* Debug */ = {
			isa = XCBuildConfiguration;
			buildSettings = {
				ASSETCATALOG_COMPILER_APPICON_NAME = AppIcon;
				ASSETCATALOG_COMPILER_GLOBAL_ACCENT_COLOR_NAME = AccentColor;
				CODE_SIGN_STYLE = Automatic;
				CURRENT_PROJECT_VERSION = 1;
				DEVELOPMENT_ASSET_PATHS = "\"AvatarSUI/Preview Content\"";
				DEVELOPMENT_TEAM = 6H86R95BFT;
				ENABLE_PREVIEWS = YES;
				GENERATE_INFOPLIST_FILE = YES;
				INFOPLIST_FILE = AvatarSUI/Info.plist;
				INFOPLIST_KEY_UIApplicationSceneManifest_Generation = YES;
				INFOPLIST_KEY_UIApplicationSupportsIndirectInputEvents = YES;
				INFOPLIST_KEY_UILaunchScreen_Generation = YES;
				INFOPLIST_KEY_UISupportedInterfaceOrientations_iPad = "UIInterfaceOrientationPortrait UIInterfaceOrientationPortraitUpsideDown UIInterfaceOrientationLandscapeLeft UIInterfaceOrientationLandscapeRight";
				INFOPLIST_KEY_UISupportedInterfaceOrientations_iPhone = "UIInterfaceOrientationPortrait UIInterfaceOrientationLandscapeLeft UIInterfaceOrientationLandscapeRight";
				IPHONEOS_DEPLOYMENT_TARGET = 16.0;
				LD_RUNPATH_SEARCH_PATHS = (
					"$(inherited)",
					"@executable_path/Frameworks",
				);
				MARKETING_VERSION = 1.0;
				PRODUCT_BUNDLE_IDENTIFIER = Training.AvatarSUI;
				PRODUCT_NAME = "$(TARGET_NAME)";
				SWIFT_EMIT_LOC_STRINGS = YES;
				SWIFT_VERSION = 5.0;
				TARGETED_DEVICE_FAMILY = "1,2";
			};
			name = Debug;
		};
		1FB5710D29C4F01B008C410B /* Release */ = {
			isa = XCBuildConfiguration;
			buildSettings = {
				ASSETCATALOG_COMPILER_APPICON_NAME = AppIcon;
				ASSETCATALOG_COMPILER_GLOBAL_ACCENT_COLOR_NAME = AccentColor;
				CODE_SIGN_STYLE = Automatic;
				CURRENT_PROJECT_VERSION = 1;
				DEVELOPMENT_ASSET_PATHS = "\"AvatarSUI/Preview Content\"";
				DEVELOPMENT_TEAM = 6H86R95BFT;
				ENABLE_PREVIEWS = YES;
				GENERATE_INFOPLIST_FILE = YES;
				INFOPLIST_FILE = AvatarSUI/Info.plist;
				INFOPLIST_KEY_UIApplicationSceneManifest_Generation = YES;
				INFOPLIST_KEY_UIApplicationSupportsIndirectInputEvents = YES;
				INFOPLIST_KEY_UILaunchScreen_Generation = YES;
				INFOPLIST_KEY_UISupportedInterfaceOrientations_iPad = "UIInterfaceOrientationPortrait UIInterfaceOrientationPortraitUpsideDown UIInterfaceOrientationLandscapeLeft UIInterfaceOrientationLandscapeRight";
				INFOPLIST_KEY_UISupportedInterfaceOrientations_iPhone = "UIInterfaceOrientationPortrait UIInterfaceOrientationLandscapeLeft UIInterfaceOrientationLandscapeRight";
				IPHONEOS_DEPLOYMENT_TARGET = 16.0;
				LD_RUNPATH_SEARCH_PATHS = (
					"$(inherited)",
					"@executable_path/Frameworks",
				);
				MARKETING_VERSION = 1.0;
				PRODUCT_BUNDLE_IDENTIFIER = Training.AvatarSUI;
				PRODUCT_NAME = "$(TARGET_NAME)";
				SWIFT_EMIT_LOC_STRINGS = YES;
				SWIFT_VERSION = 5.0;
				TARGETED_DEVICE_FAMILY = "1,2";
			};
			name = Release;
		};
/* End XCBuildConfiguration section */

/* Begin XCConfigurationList section */
		1FB570F829C4F01A008C410B /* Build configuration list for PBXProject "AvatarSUI" */ = {
			isa = XCConfigurationList;
			buildConfigurations = (
				1FB5710929C4F01B008C410B /* Debug */,
				1FB5710A29C4F01B008C410B /* Release */,
			);
			defaultConfigurationIsVisible = 0;
			defaultConfigurationName = Release;
		};
		1FB5710B29C4F01B008C410B /* Build configuration list for PBXNativeTarget "AvatarSUI" */ = {
			isa = XCConfigurationList;
			buildConfigurations = (
				1FB5710C29C4F01B008C410B /* Debug */,
				1FB5710D29C4F01B008C410B /* Release */,
			);
			defaultConfigurationIsVisible = 0;
			defaultConfigurationName = Release;
		};
/* End XCConfigurationList section */
	};
	rootObject = 1FB570F529C4F01A008C410B /* Project object */;
}
